{
  "nodes": {
    "celewasm": {
      "inputs": {
        "crane": "crane",
        "flake-utils": [
          "flake-utils"
        ],
        "nixpkgs": [
          "nixpkgs"
        ],
        "rust-overlay": "rust-overlay_2"
      },
      "locked": {
        "lastModified": 1676380763,
        "narHash": "sha256-+DvM7fU0LVmTF9GWgUbkeA005mfFmod/I9N2xVP6rbc=",
        "owner": "qasaur",
        "repo": "celewasm",
        "rev": "87add3a700458dd7106d2685fb76c8f70e44fda0",
        "type": "github"
      },
      "original": {
        "owner": "qasaur",
        "repo": "celewasm",
        "type": "github"
      }
    },
    "crane": {
      "inputs": {
        "flake-compat": "flake-compat",
        "flake-utils": "flake-utils",
        "nixpkgs": [
          "celewasm",
          "nixpkgs"
        ],
        "rust-overlay": "rust-overlay"
      },
      "locked": {
        "lastModified": 1675475924,
        "narHash": "sha256-KWdfV9a6+zG6Ij/7PZYLnomjBZZUu8gdRy+hfjGrrJQ=",
        "owner": "ipetkov",
        "repo": "crane",
        "rev": "1bde9c762ebf26de9f8ecf502357c92105bc4577",
        "type": "github"
      },
      "original": {
        "owner": "ipetkov",
        "repo": "crane",
        "type": "github"
      }
    },
    "crane_2": {
      "inputs": {
        "flake-compat": "flake-compat_2",
        "flake-utils": "flake-utils_2",
        "nixpkgs": [
          "nixpkgs"
        ],
        "rust-overlay": "rust-overlay_3"
      },
      "locked": {
        "lastModified": 1678152261,
        "narHash": "sha256-cPRDxwygVMleiSEGELrvAiq9vYAN4c3KK/K4UEO13vU=",
        "owner": "ipetkov",
        "repo": "crane",
        "rev": "5291dd0aa7a52d607fc952763ef60714e4c881d4",
        "type": "github"
      },
      "original": {
        "owner": "ipetkov",
        "repo": "crane",
        "type": "github"
      }
    },
    "flake-compat": {
      "flake": false,
      "locked": {
        "lastModified": 1673956053,
        "narHash": "sha256-4gtG9iQuiKITOjNQQeQIpoIB6b16fm+504Ch3sNKLd8=",
        "owner": "edolstra",
        "repo": "flake-compat",
        "rev": "35bb57c0c8d8b62bbfd284272c928ceb64ddbde9",
        "type": "github"
      },
      "original": {
        "owner": "edolstra",
        "repo": "flake-compat",
        "type": "github"
      }
    },
    "flake-compat_2": {
      "flake": false,
      "locked": {
        "lastModified": 1673956053,
        "narHash": "sha256-4gtG9iQuiKITOjNQQeQIpoIB6b16fm+504Ch3sNKLd8=",
        "owner": "edolstra",
        "repo": "flake-compat",
        "rev": "35bb57c0c8d8b62bbfd284272c928ceb64ddbde9",
        "type": "github"
      },
      "original": {
        "owner": "edolstra",
        "repo": "flake-compat",
        "type": "github"
      }
    },
    "flake-utils": {
      "locked": {
        "lastModified": 1667395993,
        "narHash": "sha256-nuEHfE/LcWyuSWnS8t12N1wc105Qtau+/OdUAjtQ0rA=",
        "owner": "numtide",
        "repo": "flake-utils",
        "rev": "5aed5285a952e0b949eb3ba02c12fa4fcfef535f",
        "type": "github"
      },
      "original": {
        "owner": "numtide",
        "repo": "flake-utils",
        "type": "github"
      }
    },
    "flake-utils_2": {
      "locked": {
        "lastModified": 1676283394,
        "narHash": "sha256-XX2f9c3iySLCw54rJ/CZs+ZK6IQy7GXNY4nSOyu2QG4=",
        "owner": "numtide",
        "repo": "flake-utils",
        "rev": "3db36a8b464d0c4532ba1c7dda728f4576d6d073",
        "type": "github"
      },
      "original": {
        "owner": "numtide",
        "repo": "flake-utils",
        "type": "github"
      }
    },
    "flake-utils_3": {
      "locked": {
        "lastModified": 1676283394,
        "narHash": "sha256-XX2f9c3iySLCw54rJ/CZs+ZK6IQy7GXNY4nSOyu2QG4=",
        "owner": "numtide",
        "repo": "flake-utils",
        "rev": "3db36a8b464d0c4532ba1c7dda728f4576d6d073",
        "type": "github"
      },
      "original": {
        "owner": "numtide",
        "repo": "flake-utils",
        "type": "github"
      }
    },
    "nixpkgs": {
      "locked": {
        "lastModified": 1678086707,
        "narHash": "sha256-y1uXdxzinIne4FW3TF7DCtxEB9gAbQ4qnbpYzhvkFm8=",
        "owner": "NixOS",
        "repo": "nixpkgs",
        "rev": "21eda9bc80bef824a037582b1e5a43ba74e92daa",
        "type": "github"
      },
      "original": {
        "owner": "NixOS",
        "ref": "nixpkgs-unstable",
        "repo": "nixpkgs",
        "type": "github"
      }
    },
    "root": {
      "inputs": {
        "celewasm": "celewasm",
        "crane": "crane_2",
        "flake-utils": "flake-utils_3",
        "nixpkgs": "nixpkgs",
        "rust-overlay": "rust-overlay_4"
      }
    },
    "rust-overlay": {
      "inputs": {
        "flake-utils": [
          "celewasm",
          "crane",
          "flake-utils"
        ],
        "nixpkgs": [
          "celewasm",
          "crane",
          "nixpkgs"
        ]
      },
      "locked": {
        "lastModified": 1675391458,
        "narHash": "sha256-ukDKZw922BnK5ohL9LhwtaDAdCsJL7L6ScNEyF1lO9w=",
        "owner": "oxalica",
        "repo": "rust-overlay",
        "rev": "383a4acfd11d778d5c2efcf28376cbd845eeaedf",
        "type": "github"
      },
      "original": {
        "owner": "oxalica",
        "repo": "rust-overlay",
        "type": "github"
      }
    },
    "rust-overlay_2": {
      "inputs": {
        "flake-utils": [
          "celewasm",
          "flake-utils"
        ],
        "nixpkgs": [
          "celewasm",
          "nixpkgs"
        ]
      },
      "locked": {
        "lastModified": 1675650300,
        "narHash": "sha256-GWnDfrKbQPb+skMMesm1WVu7a3y3GTDpYpfOv3yF4gc=",
        "owner": "oxalica",
        "repo": "rust-overlay",
        "rev": "cccf15dce049eb0be24060ed461c251552b2fb4d",
        "type": "github"
      },
      "original": {
        "owner": "oxalica",
        "repo": "rust-overlay",
        "type": "github"
      }
    },
    "rust-overlay_3": {
      "inputs": {
        "flake-utils": [
          "crane",
          "flake-utils"
        ],
        "nixpkgs": [
          "crane",
          "nixpkgs"
        ]
      },
      "locked": {
        "lastModified": 1677812689,
        "narHash": "sha256-EakqhgRnjVeYJv5+BJx/NZ7/eFTMBxc4AhICUNquhUg=",
        "owner": "oxalica",
        "repo": "rust-overlay",
        "rev": "e53e8853aa7b0688bc270e9e6a681d22e01cf299",
        "type": "github"
      },
      "original": {
        "owner": "oxalica",
        "repo": "rust-overlay",
        "type": "github"
      }
    },
    "rust-overlay_4": {
      "inputs": {
        "flake-utils": [
          "flake-utils"
        ],
        "nixpkgs": [
          "nixpkgs"
        ]
      },
      "locked": {
        "lastModified": 1678156469,
        "narHash": "sha256-DyUmhPPS2B+01BsQ3AwLrcA+m6PHfyUeShiLbmQxCf4=",
        "owner": "oxalica",
        "repo": "rust-overlay",
        "rev": "423b16bef17c9e8e9ea515e502c0c5d0f8e51f4a",
        "type": "github"
      },
      "original": {
        "owner": "oxalica",
        "repo": "rust-overlay",
        "type": "github"
      }
    }
  },
  "root": "root",
  "version": 7
}
